// !$*UTF8*$!
{
	archiveVersion = 1;
	classes = {
	};
	objectVersion = 46;
	objects = {

/* Begin PBXBuildFile section */
		F23D532A1A95E56900B22736 /* 0.png in Resources */ = {isa = PBXBuildFile; fileRef = F23D53241A95E56900B22736 /* 0.png */; };
		F23D532B1A95E56900B22736 /* 1.png in Resources */ = {isa = PBXBuildFile; fileRef = F23D53251A95E56900B22736 /* 1.png */; };
		F23D532C1A95E56900B22736 /* 2.png in Resources */ = {isa = PBXBuildFile; fileRef = F23D53261A95E56900B22736 /* 2.png */; };
		F23D532D1A95E56900B22736 /* 3.png in Resources */ = {isa = PBXBuildFile; fileRef = F23D53271A95E56900B22736 /* 3.png */; };
		F23D532E1A95E56900B22736 /* 4.png in Resources */ = {isa = PBXBuildFile; fileRef = F23D53281A95E56900B22736 /* 4.png */; };
		F23D532F1A95E56900B22736 /* 5.png in Resources */ = {isa = PBXBuildFile; fileRef = F23D53291A95E56900B22736 /* 5.png */; };
		F23D53311A97F08B00B22736 /* cityBackground.png in Resources */ = {isa = PBXBuildFile; fileRef = F23D53301A97F08B00B22736 /* cityBackground.png */; };
		F23D53331A97F21900B22736 /* NeulynxLogo.png in Resources */ = {isa = PBXBuildFile; fileRef = F23D53321A97F21900B22736 /* NeulynxLogo.png */; };
		F23D53351A97FA7000B22736 /* Slongan.png in Resources */ = {isa = PBXBuildFile; fileRef = F23D53341A97FA7000B22736 /* Slongan.png */; };
		F23D53371A97FB4A00B22736 /* FeelLikeALocalLogo.png in Resources */ = {isa = PBXBuildFile; fileRef = F23D53361A97FB4A00B22736 /* FeelLikeALocalLogo.png */; };
		F23D53391A980BDE00B22736 /* RegisterButton.png in Resources */ = {isa = PBXBuildFile; fileRef = F23D53381A980BDE00B22736 /* RegisterButton.png */; };
		F23D533B1A980BE700B22736 /* LoginButton.png in Resources */ = {isa = PBXBuildFile; fileRef = F23D533A1A980BE700B22736 /* LoginButton.png */; };
		F23D533D1A980C4E00B22736 /* FacebookButton.png in Resources */ = {isa = PBXBuildFile; fileRef = F23D533C1A980C4E00B22736 /* FacebookButton.png */; };
		F23D53411A98743100B22736 /* backBackground.png in Resources */ = {isa = PBXBuildFile; fileRef = F23D53401A98743100B22736 /* backBackground.png */; };
		F23D53431A98777E00B22736 /* PictureCircle.png in Resources */ = {isa = PBXBuildFile; fileRef = F23D53421A98777E00B22736 /* PictureCircle.png */; };
		F23D53451A9877A500B22736 /* defaultimage.png in Resources */ = {isa = PBXBuildFile; fileRef = F23D53441A9877A500B22736 /* defaultimage.png */; };
		F23D53471A98A55700B22736 /* or.png in Resources */ = {isa = PBXBuildFile; fileRef = F23D53461A98A55700B22736 /* or.png */; };
		F23D534A1A98A98100B22736 /* cancel.png in Resources */ = {isa = PBXBuildFile; fileRef = F23D53481A98A98100B22736 /* cancel.png */; };
		F23D534B1A98A98100B22736 /* next.png in Resources */ = {isa = PBXBuildFile; fileRef = F23D53491A98A98100B22736 /* next.png */; };
		F23D534D1A99164700B22736 /* SignUpViewController.swift in Sources */ = {isa = PBXBuildFile; fileRef = F23D534C1A99164700B22736 /* SignUpViewController.swift */; };
		F23D534F1A99165F00B22736 /* SignInViewController.swift in Sources */ = {isa = PBXBuildFile; fileRef = F23D534E1A99165F00B22736 /* SignInViewController.swift */; };
		F23D53511A99485F00B22736 /* editbutton.png in Resources */ = {isa = PBXBuildFile; fileRef = F23D53501A99485F00B22736 /* editbutton.png */; };
		F23D53551A99709200B22736 /* MapViewController.swift in Sources */ = {isa = PBXBuildFile; fileRef = F23D53541A99709200B22736 /* MapViewController.swift */; };
		F23D535D1A99735B00B22736 /* cultural.png in Resources */ = {isa = PBXBuildFile; fileRef = F23D53581A99735B00B22736 /* cultural.png */; };
		F23D535E1A99735B00B22736 /* festival.png in Resources */ = {isa = PBXBuildFile; fileRef = F23D53591A99735B00B22736 /* festival.png */; };
		F23D535F1A99735B00B22736 /* gastronomy.png in Resources */ = {isa = PBXBuildFile; fileRef = F23D535A1A99735B00B22736 /* gastronomy.png */; };
		F23D53601A99735B00B22736 /* nightout.png in Resources */ = {isa = PBXBuildFile; fileRef = F23D535B1A99735B00B22736 /* nightout.png */; };
		F23D53611A99735B00B22736 /* outdoors.png in Resources */ = {isa = PBXBuildFile; fileRef = F23D535C1A99735B00B22736 /* outdoors.png */; };
		F2A5FA991AA6446E00E1ECA5 /* LanguageTableViewController.swift in Sources */ = {isa = PBXBuildFile; fileRef = F2A5FA981AA6446E00E1ECA5 /* LanguageTableViewController.swift */; };
		F2A5FA9B1AA6D83000E1ECA5 /* MapKit.framework in Frameworks */ = {isa = PBXBuildFile; fileRef = F2A5FA9A1AA6D83000E1ECA5 /* MapKit.framework */; };
		F2A5FAB21AA7AB2900E1ECA5 /* NeuLynx29x29.png in Resources */ = {isa = PBXBuildFile; fileRef = F2A5FAA81AA7AB2900E1ECA5 /* NeuLynx29x29.png */; };
		F2A5FAB31AA7AB2900E1ECA5 /* NeuLynx40x40.png in Resources */ = {isa = PBXBuildFile; fileRef = F2A5FAA91AA7AB2900E1ECA5 /* NeuLynx40x40.png */; };
		F2A5FAB41AA7AB2900E1ECA5 /* NeuLynx58x58.png in Resources */ = {isa = PBXBuildFile; fileRef = F2A5FAAA1AA7AB2900E1ECA5 /* NeuLynx58x58.png */; };
		F2A5FAB51AA7AB2900E1ECA5 /* NeuLynx60x60.png in Resources */ = {isa = PBXBuildFile; fileRef = F2A5FAAB1AA7AB2900E1ECA5 /* NeuLynx60x60.png */; };
		F2A5FAB61AA7AB2900E1ECA5 /* NeuLynx76x76.png in Resources */ = {isa = PBXBuildFile; fileRef = F2A5FAAC1AA7AB2900E1ECA5 /* NeuLynx76x76.png */; };
		F2A5FAB71AA7AB2900E1ECA5 /* NeuLynx80x80.png in Resources */ = {isa = PBXBuildFile; fileRef = F2A5FAAD1AA7AB2900E1ECA5 /* NeuLynx80x80.png */; };
		F2A5FAB81AA7AB2900E1ECA5 /* NeuLynx87x87.png in Resources */ = {isa = PBXBuildFile; fileRef = F2A5FAAE1AA7AB2900E1ECA5 /* NeuLynx87x87.png */; };
		F2A5FAB91AA7AB2900E1ECA5 /* NeuLynx114x114.png in Resources */ = {isa = PBXBuildFile; fileRef = F2A5FAAF1AA7AB2900E1ECA5 /* NeuLynx114x114.png */; };
		F2A5FABA1AA7AB2900E1ECA5 /* NeuLynx120x120.png in Resources */ = {isa = PBXBuildFile; fileRef = F2A5FAB01AA7AB2900E1ECA5 /* NeuLynx120x120.png */; };
		F2A5FABB1AA7AB2900E1ECA5 /* NeuLynx180x180.png in Resources */ = {isa = PBXBuildFile; fileRef = F2A5FAB11AA7AB2900E1ECA5 /* NeuLynx180x180.png */; };
		F2A5FABD1AA7B2C900E1ECA5 /* NeuLynx152x152.png in Resources */ = {isa = PBXBuildFile; fileRef = F2A5FABC1AA7B2C900E1ECA5 /* NeuLynx152x152.png */; };
		F2BBB9C41A9C2C4000AD3D03 /* UserProfileViewController.swift in Sources */ = {isa = PBXBuildFile; fileRef = F23D533E1A986C7700B22736 /* UserProfileViewController.swift */; };
		F2BD7EFB1A95C3A700035453 /* AppDelegate.swift in Sources */ = {isa = PBXBuildFile; fileRef = F2BD7EFA1A95C3A700035453 /* AppDelegate.swift */; };
		F2BD7EFE1A95C3A700035453 /* NeuLynx.xcdatamodeld in Sources */ = {isa = PBXBuildFile; fileRef = F2BD7EFC1A95C3A700035453 /* NeuLynx.xcdatamodeld */; };
		F2BD7F001A95C3A700035453 /* ViewController.swift in Sources */ = {isa = PBXBuildFile; fileRef = F2BD7EFF1A95C3A700035453 /* ViewController.swift */; };
		F2BD7F031A95C3A700035453 /* Main.storyboard in Resources */ = {isa = PBXBuildFile; fileRef = F2BD7F011A95C3A700035453 /* Main.storyboard */; };
		F2BD7F051A95C3A700035453 /* Images.xcassets in Resources */ = {isa = PBXBuildFile; fileRef = F2BD7F041A95C3A700035453 /* Images.xcassets */; };
		F2BD7F081A95C3A700035453 /* LaunchScreen.xib in Resources */ = {isa = PBXBuildFile; fileRef = F2BD7F061A95C3A700035453 /* LaunchScreen.xib */; };
		F2BD7F141A95C3A700035453 /* NeuLynxTests.swift in Sources */ = {isa = PBXBuildFile; fileRef = F2BD7F131A95C3A700035453 /* NeuLynxTests.swift */; };
		F2BD7F351A95CCB100035453 /* FacebookSDK.framework in Frameworks */ = {isa = PBXBuildFile; fileRef = F2BD7F341A95CCB000035453 /* FacebookSDK.framework */; };
		F2BD7F3C1A95CFFA00035453 /* Bolts.framework in Frameworks */ = {isa = PBXBuildFile; fileRef = F2BD7F391A95CFFA00035453 /* Bolts.framework */; };
		F2BD7F3D1A95CFFA00035453 /* Parse.framework in Frameworks */ = {isa = PBXBuildFile; fileRef = F2BD7F3A1A95CFFA00035453 /* Parse.framework */; };
		F2BD7F3E1A95CFFA00035453 /* ParseFacebookUtils.framework in Frameworks */ = {isa = PBXBuildFile; fileRef = F2BD7F3B1A95CFFA00035453 /* ParseFacebookUtils.framework */; };
		F2BD7F401A95D09200035453 /* AudioToolbox.framework in Frameworks */ = {isa = PBXBuildFile; fileRef = F2BD7F3F1A95D09200035453 /* AudioToolbox.framework */; };
		F2BD7F421A95D09E00035453 /* CFNetwork.framework in Frameworks */ = {isa = PBXBuildFile; fileRef = F2BD7F411A95D09E00035453 /* CFNetwork.framework */; };
		F2BD7F441A95D0AB00035453 /* CoreGraphics.framework in Frameworks */ = {isa = PBXBuildFile; fileRef = F2BD7F431A95D0AB00035453 /* CoreGraphics.framework */; };
		F2BD7F461A95D0B500035453 /* CoreLocation.framework in Frameworks */ = {isa = PBXBuildFile; fileRef = F2BD7F451A95D0B500035453 /* CoreLocation.framework */; };
		F2BD7F481A95D0C300035453 /* MobileCoreServices.framework in Frameworks */ = {isa = PBXBuildFile; fileRef = F2BD7F471A95D0C300035453 /* MobileCoreServices.framework */; };
		F2BD7F4A1A95D0CD00035453 /* QuartzCore.framework in Frameworks */ = {isa = PBXBuildFile; fileRef = F2BD7F491A95D0CD00035453 /* QuartzCore.framework */; };
		F2BD7F4C1A95D0D800035453 /* Security.framework in Frameworks */ = {isa = PBXBuildFile; fileRef = F2BD7F4B1A95D0D800035453 /* Security.framework */; };
		F2BD7F4E1A95D0E200035453 /* StoreKit.framework in Frameworks */ = {isa = PBXBuildFile; fileRef = F2BD7F4D1A95D0E200035453 /* StoreKit.framework */; };
		F2BD7F501A95D0EC00035453 /* SystemConfiguration.framework in Frameworks */ = {isa = PBXBuildFile; fileRef = F2BD7F4F1A95D0EC00035453 /* SystemConfiguration.framework */; };
		F2BD7F521A95D0F600035453 /* libz.dylib in Frameworks */ = {isa = PBXBuildFile; fileRef = F2BD7F511A95D0F600035453 /* libz.dylib */; };
		F2BD7F541A95D10000035453 /* libsqlite3.dylib in Frameworks */ = {isa = PBXBuildFile; fileRef = F2BD7F531A95D10000035453 /* libsqlite3.dylib */; };
		F2BD7F561A95DD5200035453 /* launchScreen.png in Resources */ = {isa = PBXBuildFile; fileRef = F2BD7F551A95DD5200035453 /* launchScreen.png */; };
/* End PBXBuildFile section */

/* Begin PBXContainerItemProxy section */
		F2BD7F0E1A95C3A700035453 /* PBXContainerItemProxy */ = {
			isa = PBXContainerItemProxy;
			containerPortal = F2BD7EED1A95C3A600035453 /* Project object */;
			proxyType = 1;
			remoteGlobalIDString = F2BD7EF41A95C3A600035453;
			remoteInfo = NeuLynx;
		};
/* End PBXContainerItemProxy section */

/* Begin PBXFileReference section */
		F23D53241A95E56900B22736 /* 0.png */ = {isa = PBXFileReference; lastKnownFileType = image.png; path = 0.png; sourceTree = "<group>"; };
		F23D53251A95E56900B22736 /* 1.png */ = {isa = PBXFileReference; lastKnownFileType = image.png; path = 1.png; sourceTree = "<group>"; };
		F23D53261A95E56900B22736 /* 2.png */ = {isa = PBXFileReference; lastKnownFileType = image.png; path = 2.png; sourceTree = "<group>"; };
		F23D53271A95E56900B22736 /* 3.png */ = {isa = PBXFileReference; lastKnownFileType = image.png; path = 3.png; sourceTree = "<group>"; };
		F23D53281A95E56900B22736 /* 4.png */ = {isa = PBXFileReference; lastKnownFileType = image.png; path = 4.png; sourceTree = "<group>"; };
		F23D53291A95E56900B22736 /* 5.png */ = {isa = PBXFileReference; lastKnownFileType = image.png; path = 5.png; sourceTree = "<group>"; };
		F23D53301A97F08B00B22736 /* cityBackground.png */ = {isa = PBXFileReference; lastKnownFileType = image.png; path = cityBackground.png; sourceTree = "<group>"; };
		F23D53321A97F21900B22736 /* NeulynxLogo.png */ = {isa = PBXFileReference; lastKnownFileType = image.png; path = NeulynxLogo.png; sourceTree = "<group>"; };
		F23D53341A97FA7000B22736 /* Slongan.png */ = {isa = PBXFileReference; lastKnownFileType = image.png; path = Slongan.png; sourceTree = "<group>"; };
		F23D53361A97FB4A00B22736 /* FeelLikeALocalLogo.png */ = {isa = PBXFileReference; lastKnownFileType = image.png; path = FeelLikeALocalLogo.png; sourceTree = "<group>"; };
		F23D53381A980BDE00B22736 /* RegisterButton.png */ = {isa = PBXFileReference; lastKnownFileType = image.png; path = RegisterButton.png; sourceTree = "<group>"; };
		F23D533A1A980BE700B22736 /* LoginButton.png */ = {isa = PBXFileReference; lastKnownFileType = image.png; path = LoginButton.png; sourceTree = "<group>"; };
		F23D533C1A980C4E00B22736 /* FacebookButton.png */ = {isa = PBXFileReference; lastKnownFileType = image.png; path = FacebookButton.png; sourceTree = "<group>"; };
		F23D533E1A986C7700B22736 /* UserProfileViewController.swift */ = {isa = PBXFileReference; fileEncoding = 4; lastKnownFileType = sourcecode.swift; path = UserProfileViewController.swift; sourceTree = "<group>"; };
		F23D53401A98743100B22736 /* backBackground.png */ = {isa = PBXFileReference; lastKnownFileType = image.png; path = backBackground.png; sourceTree = "<group>"; };
		F23D53421A98777E00B22736 /* PictureCircle.png */ = {isa = PBXFileReference; lastKnownFileType = image.png; path = PictureCircle.png; sourceTree = "<group>"; };
		F23D53441A9877A500B22736 /* defaultimage.png */ = {isa = PBXFileReference; lastKnownFileType = image.png; path = defaultimage.png; sourceTree = "<group>"; };
		F23D53461A98A55700B22736 /* or.png */ = {isa = PBXFileReference; lastKnownFileType = image.png; path = or.png; sourceTree = "<group>"; };
		F23D53481A98A98100B22736 /* cancel.png */ = {isa = PBXFileReference; lastKnownFileType = image.png; path = cancel.png; sourceTree = "<group>"; };
		F23D53491A98A98100B22736 /* next.png */ = {isa = PBXFileReference; lastKnownFileType = image.png; path = next.png; sourceTree = "<group>"; };
		F23D534C1A99164700B22736 /* SignUpViewController.swift */ = {isa = PBXFileReference; fileEncoding = 4; lastKnownFileType = sourcecode.swift; path = SignUpViewController.swift; sourceTree = "<group>"; };
		F23D534E1A99165F00B22736 /* SignInViewController.swift */ = {isa = PBXFileReference; fileEncoding = 4; lastKnownFileType = sourcecode.swift; path = SignInViewController.swift; sourceTree = "<group>"; };
		F23D53501A99485F00B22736 /* editbutton.png */ = {isa = PBXFileReference; lastKnownFileType = image.png; path = editbutton.png; sourceTree = "<group>"; };
		F23D53541A99709200B22736 /* MapViewController.swift */ = {isa = PBXFileReference; fileEncoding = 4; lastKnownFileType = sourcecode.swift; path = MapViewController.swift; sourceTree = "<group>"; };
		F23D53581A99735B00B22736 /* cultural.png */ = {isa = PBXFileReference; lastKnownFileType = image.png; path = cultural.png; sourceTree = "<group>"; };
		F23D53591A99735B00B22736 /* festival.png */ = {isa = PBXFileReference; lastKnownFileType = image.png; path = festival.png; sourceTree = "<group>"; };
		F23D535A1A99735B00B22736 /* gastronomy.png */ = {isa = PBXFileReference; lastKnownFileType = image.png; path = gastronomy.png; sourceTree = "<group>"; };
		F23D535B1A99735B00B22736 /* nightout.png */ = {isa = PBXFileReference; lastKnownFileType = image.png; path = nightout.png; sourceTree = "<group>"; };
		F23D535C1A99735B00B22736 /* outdoors.png */ = {isa = PBXFileReference; lastKnownFileType = image.png; path = outdoors.png; sourceTree = "<group>"; };
		F2A5FA981AA6446E00E1ECA5 /* LanguageTableViewController.swift */ = {isa = PBXFileReference; fileEncoding = 4; lastKnownFileType = sourcecode.swift; path = LanguageTableViewController.swift; sourceTree = "<group>"; };
		F2A5FA9A1AA6D83000E1ECA5 /* MapKit.framework */ = {isa = PBXFileReference; lastKnownFileType = wrapper.framework; name = MapKit.framework; path = System/Library/Frameworks/MapKit.framework; sourceTree = SDKROOT; };
		F2A5FAA81AA7AB2900E1ECA5 /* NeuLynx29x29.png */ = {isa = PBXFileReference; lastKnownFileType = image.png; path = NeuLynx29x29.png; sourceTree = "<group>"; };
		F2A5FAA91AA7AB2900E1ECA5 /* NeuLynx40x40.png */ = {isa = PBXFileReference; lastKnownFileType = image.png; path = NeuLynx40x40.png; sourceTree = "<group>"; };
		F2A5FAAA1AA7AB2900E1ECA5 /* NeuLynx58x58.png */ = {isa = PBXFileReference; lastKnownFileType = image.png; path = NeuLynx58x58.png; sourceTree = "<group>"; };
		F2A5FAAB1AA7AB2900E1ECA5 /* NeuLynx60x60.png */ = {isa = PBXFileReference; lastKnownFileType = image.png; path = NeuLynx60x60.png; sourceTree = "<group>"; };
		F2A5FAAC1AA7AB2900E1ECA5 /* NeuLynx76x76.png */ = {isa = PBXFileReference; lastKnownFileType = image.png; path = NeuLynx76x76.png; sourceTree = "<group>"; };
		F2A5FAAD1AA7AB2900E1ECA5 /* NeuLynx80x80.png */ = {isa = PBXFileReference; lastKnownFileType = image.png; path = NeuLynx80x80.png; sourceTree = "<group>"; };
		F2A5FAAE1AA7AB2900E1ECA5 /* NeuLynx87x87.png */ = {isa = PBXFileReference; lastKnownFileType = image.png; path = NeuLynx87x87.png; sourceTree = "<group>"; };
		F2A5FAAF1AA7AB2900E1ECA5 /* NeuLynx114x114.png */ = {isa = PBXFileReference; lastKnownFileType = image.png; path = NeuLynx114x114.png; sourceTree = "<group>"; };
		F2A5FAB01AA7AB2900E1ECA5 /* NeuLynx120x120.png */ = {isa = PBXFileReference; lastKnownFileType = image.png; path = NeuLynx120x120.png; sourceTree = "<group>"; };
		F2A5FAB11AA7AB2900E1ECA5 /* NeuLynx180x180.png */ = {isa = PBXFileReference; lastKnownFileType = image.png; path = NeuLynx180x180.png; sourceTree = "<group>"; };
		F2A5FABC1AA7B2C900E1ECA5 /* NeuLynx152x152.png */ = {isa = PBXFileReference; lastKnownFileType = image.png; path = NeuLynx152x152.png; sourceTree = "<group>"; };
		F2BD7EF51A95C3A700035453 /* NeuLynx.app */ = {isa = PBXFileReference; explicitFileType = wrapper.application; includeInIndex = 0; path = NeuLynx.app; sourceTree = BUILT_PRODUCTS_DIR; };
		F2BD7EF91A95C3A700035453 /* Info.plist */ = {isa = PBXFileReference; lastKnownFileType = text.plist.xml; path = Info.plist; sourceTree = "<group>"; };
		F2BD7EFA1A95C3A700035453 /* AppDelegate.swift */ = {isa = PBXFileReference; lastKnownFileType = sourcecode.swift; path = AppDelegate.swift; sourceTree = "<group>"; };
		F2BD7EFD1A95C3A700035453 /* NeuLynx.xcdatamodel */ = {isa = PBXFileReference; lastKnownFileType = wrapper.xcdatamodel; path = NeuLynx.xcdatamodel; sourceTree = "<group>"; };
		F2BD7EFF1A95C3A700035453 /* ViewController.swift */ = {isa = PBXFileReference; lastKnownFileType = sourcecode.swift; path = ViewController.swift; sourceTree = "<group>"; };
		F2BD7F021A95C3A700035453 /* Base */ = {isa = PBXFileReference; lastKnownFileType = file.storyboard; name = Base; path = Base.lproj/Main.storyboard; sourceTree = "<group>"; };
		F2BD7F041A95C3A700035453 /* Images.xcassets */ = {isa = PBXFileReference; lastKnownFileType = folder.assetcatalog; path = Images.xcassets; sourceTree = "<group>"; };
		F2BD7F071A95C3A700035453 /* Base */ = {isa = PBXFileReference; lastKnownFileType = file.xib; name = Base; path = Base.lproj/LaunchScreen.xib; sourceTree = "<group>"; };
		F2BD7F0D1A95C3A700035453 /* NeuLynxTests.xctest */ = {isa = PBXFileReference; explicitFileType = wrapper.cfbundle; includeInIndex = 0; path = NeuLynxTests.xctest; sourceTree = BUILT_PRODUCTS_DIR; };
		F2BD7F121A95C3A700035453 /* Info.plist */ = {isa = PBXFileReference; lastKnownFileType = text.plist.xml; path = Info.plist; sourceTree = "<group>"; };
		F2BD7F131A95C3A700035453 /* NeuLynxTests.swift */ = {isa = PBXFileReference; lastKnownFileType = sourcecode.swift; path = NeuLynxTests.swift; sourceTree = "<group>"; };
		F2BD7F341A95CCB000035453 /* FacebookSDK.framework */ = {isa = PBXFileReference; lastKnownFileType = wrapper.framework; path = FacebookSDK.framework; sourceTree = "<group>"; };
		F2BD7F361A95CDD300035453 /* NeuLynx-Bridging-Header.h */ = {isa = PBXFileReference; lastKnownFileType = sourcecode.c.h; path = "NeuLynx-Bridging-Header.h"; sourceTree = SOURCE_ROOT; };
		F2BD7F391A95CFFA00035453 /* Bolts.framework */ = {isa = PBXFileReference; lastKnownFileType = wrapper.framework; path = Bolts.framework; sourceTree = "<group>"; };
		F2BD7F3A1A95CFFA00035453 /* Parse.framework */ = {isa = PBXFileReference; lastKnownFileType = wrapper.framework; path = Parse.framework; sourceTree = "<group>"; };
		F2BD7F3B1A95CFFA00035453 /* ParseFacebookUtils.framework */ = {isa = PBXFileReference; lastKnownFileType = wrapper.framework; path = ParseFacebookUtils.framework; sourceTree = "<group>"; };
		F2BD7F3F1A95D09200035453 /* AudioToolbox.framework */ = {isa = PBXFileReference; lastKnownFileType = wrapper.framework; name = AudioToolbox.framework; path = System/Library/Frameworks/AudioToolbox.framework; sourceTree = SDKROOT; };
		F2BD7F411A95D09E00035453 /* CFNetwork.framework */ = {isa = PBXFileReference; lastKnownFileType = wrapper.framework; name = CFNetwork.framework; path = System/Library/Frameworks/CFNetwork.framework; sourceTree = SDKROOT; };
		F2BD7F431A95D0AB00035453 /* CoreGraphics.framework */ = {isa = PBXFileReference; lastKnownFileType = wrapper.framework; name = CoreGraphics.framework; path = System/Library/Frameworks/CoreGraphics.framework; sourceTree = SDKROOT; };
		F2BD7F451A95D0B500035453 /* CoreLocation.framework */ = {isa = PBXFileReference; lastKnownFileType = wrapper.framework; name = CoreLocation.framework; path = System/Library/Frameworks/CoreLocation.framework; sourceTree = SDKROOT; };
		F2BD7F471A95D0C300035453 /* MobileCoreServices.framework */ = {isa = PBXFileReference; lastKnownFileType = wrapper.framework; name = MobileCoreServices.framework; path = System/Library/Frameworks/MobileCoreServices.framework; sourceTree = SDKROOT; };
		F2BD7F491A95D0CD00035453 /* QuartzCore.framework */ = {isa = PBXFileReference; lastKnownFileType = wrapper.framework; name = QuartzCore.framework; path = System/Library/Frameworks/QuartzCore.framework; sourceTree = SDKROOT; };
		F2BD7F4B1A95D0D800035453 /* Security.framework */ = {isa = PBXFileReference; lastKnownFileType = wrapper.framework; name = Security.framework; path = System/Library/Frameworks/Security.framework; sourceTree = SDKROOT; };
		F2BD7F4D1A95D0E200035453 /* StoreKit.framework */ = {isa = PBXFileReference; lastKnownFileType = wrapper.framework; name = StoreKit.framework; path = System/Library/Frameworks/StoreKit.framework; sourceTree = SDKROOT; };
		F2BD7F4F1A95D0EC00035453 /* SystemConfiguration.framework */ = {isa = PBXFileReference; lastKnownFileType = wrapper.framework; name = SystemConfiguration.framework; path = System/Library/Frameworks/SystemConfiguration.framework; sourceTree = SDKROOT; };
		F2BD7F511A95D0F600035453 /* libz.dylib */ = {isa = PBXFileReference; lastKnownFileType = "compiled.mach-o.dylib"; name = libz.dylib; path = usr/lib/libz.dylib; sourceTree = SDKROOT; };
		F2BD7F531A95D10000035453 /* libsqlite3.dylib */ = {isa = PBXFileReference; lastKnownFileType = "compiled.mach-o.dylib"; name = libsqlite3.dylib; path = usr/lib/libsqlite3.dylib; sourceTree = SDKROOT; };
		F2BD7F551A95DD5200035453 /* launchScreen.png */ = {isa = PBXFileReference; lastKnownFileType = image.png; path = launchScreen.png; sourceTree = "<group>"; };
/* End PBXFileReference section */

/* Begin PBXFrameworksBuildPhase section */
		F2BD7EF21A95C3A600035453 /* Frameworks */ = {
			isa = PBXFrameworksBuildPhase;
			buildActionMask = 2147483647;
			files = (
				F2A5FA9B1AA6D83000E1ECA5 /* MapKit.framework in Frameworks */,
				F2BD7F541A95D10000035453 /* libsqlite3.dylib in Frameworks */,
				F2BD7F521A95D0F600035453 /* libz.dylib in Frameworks */,
				F2BD7F501A95D0EC00035453 /* SystemConfiguration.framework in Frameworks */,
				F2BD7F4E1A95D0E200035453 /* StoreKit.framework in Frameworks */,
				F2BD7F4C1A95D0D800035453 /* Security.framework in Frameworks */,
				F2BD7F4A1A95D0CD00035453 /* QuartzCore.framework in Frameworks */,
				F2BD7F481A95D0C300035453 /* MobileCoreServices.framework in Frameworks */,
				F2BD7F461A95D0B500035453 /* CoreLocation.framework in Frameworks */,
				F2BD7F441A95D0AB00035453 /* CoreGraphics.framework in Frameworks */,
				F2BD7F421A95D09E00035453 /* CFNetwork.framework in Frameworks */,
				F2BD7F401A95D09200035453 /* AudioToolbox.framework in Frameworks */,
				F2BD7F351A95CCB100035453 /* FacebookSDK.framework in Frameworks */,
				F2BD7F3D1A95CFFA00035453 /* Parse.framework in Frameworks */,
				F2BD7F3E1A95CFFA00035453 /* ParseFacebookUtils.framework in Frameworks */,
				F2BD7F3C1A95CFFA00035453 /* Bolts.framework in Frameworks */,
			);
			runOnlyForDeploymentPostprocessing = 0;
		};
		F2BD7F0A1A95C3A700035453 /* Frameworks */ = {
			isa = PBXFrameworksBuildPhase;
			buildActionMask = 2147483647;
			files = (
			);
			runOnlyForDeploymentPostprocessing = 0;
		};
/* End PBXFrameworksBuildPhase section */

/* Begin PBXGroup section */
		F2BD7EEC1A95C3A600035453 = {
			isa = PBXGroup;
			children = (
				F2A5FA9A1AA6D83000E1ECA5 /* MapKit.framework */,
				F2BD7F531A95D10000035453 /* libsqlite3.dylib */,
				F2BD7F511A95D0F600035453 /* libz.dylib */,
				F2BD7F4F1A95D0EC00035453 /* SystemConfiguration.framework */,
				F2BD7F4D1A95D0E200035453 /* StoreKit.framework */,
				F2BD7F4B1A95D0D800035453 /* Security.framework */,
				F2BD7F491A95D0CD00035453 /* QuartzCore.framework */,
				F2BD7F471A95D0C300035453 /* MobileCoreServices.framework */,
				F2BD7F451A95D0B500035453 /* CoreLocation.framework */,
				F2BD7F431A95D0AB00035453 /* CoreGraphics.framework */,
				F2BD7F411A95D09E00035453 /* CFNetwork.framework */,
				F2BD7F3F1A95D09200035453 /* AudioToolbox.framework */,
				F2BD7F391A95CFFA00035453 /* Bolts.framework */,
				F2BD7F3A1A95CFFA00035453 /* Parse.framework */,
				F2BD7F3B1A95CFFA00035453 /* ParseFacebookUtils.framework */,
				F2BD7F341A95CCB000035453 /* FacebookSDK.framework */,
				F2BD7EF71A95C3A700035453 /* NeuLynx */,
				F2BD7F361A95CDD300035453 /* NeuLynx-Bridging-Header.h */,
				F2BD7F1D1A95C64700035453 /* Images */,
				F2BD7F101A95C3A700035453 /* NeuLynxTests */,
				F2BD7EF61A95C3A700035453 /* Products */,
			);
			sourceTree = "<group>";
		};
		F2BD7EF61A95C3A700035453 /* Products */ = {
			isa = PBXGroup;
			children = (
				F2BD7EF51A95C3A700035453 /* NeuLynx.app */,
				F2BD7F0D1A95C3A700035453 /* NeuLynxTests.xctest */,
			);
			name = Products;
			sourceTree = "<group>";
		};
		F2BD7EF71A95C3A700035453 /* NeuLynx */ = {
			isa = PBXGroup;
			children = (
				F2BD7EFA1A95C3A700035453 /* AppDelegate.swift */,
				F23D534C1A99164700B22736 /* SignUpViewController.swift */,
				F23D534E1A99165F00B22736 /* SignInViewController.swift */,
				F2BD7EFF1A95C3A700035453 /* ViewController.swift */,
				F23D533E1A986C7700B22736 /* UserProfileViewController.swift */,
				F23D53541A99709200B22736 /* MapViewController.swift */,
				F2BD7F011A95C3A700035453 /* Main.storyboard */,
				F2A5FA981AA6446E00E1ECA5 /* LanguageTableViewController.swift */,
				F2BD7F041A95C3A700035453 /* Images.xcassets */,
				F2BD7F061A95C3A700035453 /* LaunchScreen.xib */,
				F2BD7EFC1A95C3A700035453 /* NeuLynx.xcdatamodeld */,
				F2BD7EF81A95C3A700035453 /* Supporting Files */,
			);
			path = NeuLynx;
			sourceTree = "<group>";
		};
		F2BD7EF81A95C3A700035453 /* Supporting Files */ = {
			isa = PBXGroup;
			children = (
				F2BD7EF91A95C3A700035453 /* Info.plist */,
			);
			name = "Supporting Files";
			sourceTree = "<group>";
		};
		F2BD7F101A95C3A700035453 /* NeuLynxTests */ = {
			isa = PBXGroup;
			children = (
				F2BD7F131A95C3A700035453 /* NeuLynxTests.swift */,
				F2BD7F111A95C3A700035453 /* Supporting Files */,
			);
			path = NeuLynxTests;
			sourceTree = "<group>";
		};
		F2BD7F111A95C3A700035453 /* Supporting Files */ = {
			isa = PBXGroup;
			children = (
				F2BD7F121A95C3A700035453 /* Info.plist */,
			);
			name = "Supporting Files";
			sourceTree = "<group>";
		};
		F2BD7F1D1A95C64700035453 /* Images */ = {
			isa = PBXGroup;
			children = (
				F23D53241A95E56900B22736 /* 0.png */,
				F23D53251A95E56900B22736 /* 1.png */,
				F23D53261A95E56900B22736 /* 2.png */,
				F23D53271A95E56900B22736 /* 3.png */,
				F23D53281A95E56900B22736 /* 4.png */,
				F23D53291A95E56900B22736 /* 5.png */,
				F23D53461A98A55700B22736 /* or.png */,
				F23D53581A99735B00B22736 /* cultural.png */,
				F23D53591A99735B00B22736 /* festival.png */,
				F23D535A1A99735B00B22736 /* gastronomy.png */,
				F23D535B1A99735B00B22736 /* nightout.png */,
				F23D535C1A99735B00B22736 /* outdoors.png */,
				F23D53501A99485F00B22736 /* editbutton.png */,
				F23D53481A98A98100B22736 /* cancel.png */,
				F23D53491A98A98100B22736 /* next.png */,
				F23D53421A98777E00B22736 /* PictureCircle.png */,
				F23D53441A9877A500B22736 /* defaultimage.png */,
				F23D53381A980BDE00B22736 /* RegisterButton.png */,
				F23D533A1A980BE700B22736 /* LoginButton.png */,
				F23D533C1A980C4E00B22736 /* FacebookButton.png */,
				F23D53341A97FA7000B22736 /* Slongan.png */,
				F23D53361A97FB4A00B22736 /* FeelLikeALocalLogo.png */,
				F2BD7F551A95DD5200035453 /* launchScreen.png */,
				F2A5FAA81AA7AB2900E1ECA5 /* NeuLynx29x29.png */,
				F2A5FAA91AA7AB2900E1ECA5 /* NeuLynx40x40.png */,
				F2A5FAAA1AA7AB2900E1ECA5 /* NeuLynx58x58.png */,
				F2A5FAAB1AA7AB2900E1ECA5 /* NeuLynx60x60.png */,
				F2A5FAAC1AA7AB2900E1ECA5 /* NeuLynx76x76.png */,
				F2A5FAAD1AA7AB2900E1ECA5 /* NeuLynx80x80.png */,
				F2A5FAAE1AA7AB2900E1ECA5 /* NeuLynx87x87.png */,
				F2A5FAAF1AA7AB2900E1ECA5 /* NeuLynx114x114.png */,
				F2A5FAB01AA7AB2900E1ECA5 /* NeuLynx120x120.png */,
				F2A5FABC1AA7B2C900E1ECA5 /* NeuLynx152x152.png */,
				F2A5FAB11AA7AB2900E1ECA5 /* NeuLynx180x180.png */,
				F23D53321A97F21900B22736 /* NeulynxLogo.png */,
				F23D53401A98743100B22736 /* backBackground.png */,
				F23D53301A97F08B00B22736 /* cityBackground.png */,
			);
			name = Images;
			sourceTree = "<group>";
		};
/* End PBXGroup section */

/* Begin PBXNativeTarget section */
		F2BD7EF41A95C3A600035453 /* NeuLynx */ = {
			isa = PBXNativeTarget;
			buildConfigurationList = F2BD7F171A95C3A700035453 /* Build configuration list for PBXNativeTarget "NeuLynx" */;
			buildPhases = (
				F2BD7EF11A95C3A600035453 /* Sources */,
				F2BD7EF21A95C3A600035453 /* Frameworks */,
				F2BD7EF31A95C3A600035453 /* Resources */,
			);
			buildRules = (
			);
			dependencies = (
			);
			name = NeuLynx;
			productName = NeuLynx;
			productReference = F2BD7EF51A95C3A700035453 /* NeuLynx.app */;
			productType = "com.apple.product-type.application";
		};
		F2BD7F0C1A95C3A700035453 /* NeuLynxTests */ = {
			isa = PBXNativeTarget;
			buildConfigurationList = F2BD7F1A1A95C3A700035453 /* Build configuration list for PBXNativeTarget "NeuLynxTests" */;
			buildPhases = (
				F2BD7F091A95C3A700035453 /* Sources */,
				F2BD7F0A1A95C3A700035453 /* Frameworks */,
				F2BD7F0B1A95C3A700035453 /* Resources */,
			);
			buildRules = (
			);
			dependencies = (
				F2BD7F0F1A95C3A700035453 /* PBXTargetDependency */,
			);
			name = NeuLynxTests;
			productName = NeuLynxTests;
			productReference = F2BD7F0D1A95C3A700035453 /* NeuLynxTests.xctest */;
			productType = "com.apple.product-type.bundle.unit-test";
		};
/* End PBXNativeTarget section */

/* Begin PBXProject section */
		F2BD7EED1A95C3A600035453 /* Project object */ = {
			isa = PBXProject;
			attributes = {
				LastUpgradeCheck = 0610;
				ORGANIZATIONNAME = NeuLynx;
				TargetAttributes = {
					F2BD7EF41A95C3A600035453 = {
						CreatedOnToolsVersion = 6.1.1;
						DevelopmentTeam = A37GTC4NZF;
					};
					F2BD7F0C1A95C3A700035453 = {
						CreatedOnToolsVersion = 6.1.1;
						TestTargetID = F2BD7EF41A95C3A600035453;
					};
				};
			};
			buildConfigurationList = F2BD7EF01A95C3A600035453 /* Build configuration list for PBXProject "NeuLynx" */;
			compatibilityVersion = "Xcode 3.2";
			developmentRegion = English;
			hasScannedForEncodings = 0;
			knownRegions = (
				en,
				Base,
			);
			mainGroup = F2BD7EEC1A95C3A600035453;
			productRefGroup = F2BD7EF61A95C3A700035453 /* Products */;
			projectDirPath = "";
			projectRoot = "";
			targets = (
				F2BD7EF41A95C3A600035453 /* NeuLynx */,
				F2BD7F0C1A95C3A700035453 /* NeuLynxTests */,
			);
		};
/* End PBXProject section */

/* Begin PBXResourcesBuildPhase section */
		F2BD7EF31A95C3A600035453 /* Resources */ = {
			isa = PBXResourcesBuildPhase;
			buildActionMask = 2147483647;
			files = (
				F23D532B1A95E56900B22736 /* 1.png in Resources */,
				F2A5FAB61AA7AB2900E1ECA5 /* NeuLynx76x76.png in Resources */,
				F2A5FABB1AA7AB2900E1ECA5 /* NeuLynx180x180.png in Resources */,
				F23D53601A99735B00B22736 /* nightout.png in Resources */,
				F2A5FAB51AA7AB2900E1ECA5 /* NeuLynx60x60.png in Resources */,
				F23D533D1A980C4E00B22736 /* FacebookButton.png in Resources */,
				F23D53371A97FB4A00B22736 /* FeelLikeALocalLogo.png in Resources */,
				F23D53451A9877A500B22736 /* defaultimage.png in Resources */,
				F2A5FABD1AA7B2C900E1ECA5 /* NeuLynx152x152.png in Resources */,
				F2BD7F561A95DD5200035453 /* launchScreen.png in Resources */,
				F2A5FAB81AA7AB2900E1ECA5 /* NeuLynx87x87.png in Resources */,
				F23D535F1A99735B00B22736 /* gastronomy.png in Resources */,
				F23D535E1A99735B00B22736 /* festival.png in Resources */,
				F2A5FAB71AA7AB2900E1ECA5 /* NeuLynx80x80.png in Resources */,
				F23D532D1A95E56900B22736 /* 3.png in Resources */,
				F23D533B1A980BE700B22736 /* LoginButton.png in Resources */,
				F23D532C1A95E56900B22736 /* 2.png in Resources */,
				F23D53311A97F08B00B22736 /* cityBackground.png in Resources */,
				F2A5FAB91AA7AB2900E1ECA5 /* NeuLynx114x114.png in Resources */,
				F2A5FAB21AA7AB2900E1ECA5 /* NeuLynx29x29.png in Resources */,
				F23D532E1A95E56900B22736 /* 4.png in Resources */,
				F2A5FABA1AA7AB2900E1ECA5 /* NeuLynx120x120.png in Resources */,
				F23D53511A99485F00B22736 /* editbutton.png in Resources */,
				F23D534A1A98A98100B22736 /* cancel.png in Resources */,
				F2BD7F031A95C3A700035453 /* Main.storyboard in Resources */,
				F23D532A1A95E56900B22736 /* 0.png in Resources */,
				F23D53331A97F21900B22736 /* NeulynxLogo.png in Resources */,
				F23D53391A980BDE00B22736 /* RegisterButton.png in Resources */,
				F23D53411A98743100B22736 /* backBackground.png in Resources */,
				F23D53351A97FA7000B22736 /* Slongan.png in Resources */,
				F2A5FAB31AA7AB2900E1ECA5 /* NeuLynx40x40.png in Resources */,
				F23D53431A98777E00B22736 /* PictureCircle.png in Resources */,
				F23D53471A98A55700B22736 /* or.png in Resources */,
				F2BD7F081A95C3A700035453 /* LaunchScreen.xib in Resources */,
				F2BD7F051A95C3A700035453 /* Images.xcassets in Resources */,
				F23D534B1A98A98100B22736 /* next.png in Resources */,
				F23D532F1A95E56900B22736 /* 5.png in Resources */,
				F23D53611A99735B00B22736 /* outdoors.png in Resources */,
				F23D535D1A99735B00B22736 /* cultural.png in Resources */,
				F2A5FAB41AA7AB2900E1ECA5 /* NeuLynx58x58.png in Resources */,
			);
			runOnlyForDeploymentPostprocessing = 0;
		};
		F2BD7F0B1A95C3A700035453 /* Resources */ = {
			isa = PBXResourcesBuildPhase;
			buildActionMask = 2147483647;
			files = (
			);
			runOnlyForDeploymentPostprocessing = 0;
		};
/* End PBXResourcesBuildPhase section */

/* Begin PBXSourcesBuildPhase section */
		F2BD7EF11A95C3A600035453 /* Sources */ = {
			isa = PBXSourcesBuildPhase;
			buildActionMask = 2147483647;
			files = (
				F2BD7F001A95C3A700035453 /* ViewController.swift in Sources */,
				F2BBB9C41A9C2C4000AD3D03 /* UserProfileViewController.swift in Sources */,
				F23D534F1A99165F00B22736 /* SignInViewController.swift in Sources */,
				F2BD7EFB1A95C3A700035453 /* AppDelegate.swift in Sources */,
				F2BD7EFE1A95C3A700035453 /* NeuLynx.xcdatamodeld in Sources */,
				F23D534D1A99164700B22736 /* SignUpViewController.swift in Sources */,
				F2A5FA991AA6446E00E1ECA5 /* LanguageTableViewController.swift in Sources */,
				F23D53551A99709200B22736 /* MapViewController.swift in Sources */,
			);
			runOnlyForDeploymentPostprocessing = 0;
		};
		F2BD7F091A95C3A700035453 /* Sources */ = {
			isa = PBXSourcesBuildPhase;
			buildActionMask = 2147483647;
			files = (
				F2BD7F141A95C3A700035453 /* NeuLynxTests.swift in Sources */,
			);
			runOnlyForDeploymentPostprocessing = 0;
		};
/* End PBXSourcesBuildPhase section */

/* Begin PBXTargetDependency section */
		F2BD7F0F1A95C3A700035453 /* PBXTargetDependency */ = {
			isa = PBXTargetDependency;
			target = F2BD7EF41A95C3A600035453 /* NeuLynx */;
			targetProxy = F2BD7F0E1A95C3A700035453 /* PBXContainerItemProxy */;
		};
/* End PBXTargetDependency section */

/* Begin PBXVariantGroup section */
		F2BD7F011A95C3A700035453 /* Main.storyboard */ = {
			isa = PBXVariantGroup;
			children = (
				F2BD7F021A95C3A700035453 /* Base */,
			);
			name = Main.storyboard;
			sourceTree = "<group>";
		};
		F2BD7F061A95C3A700035453 /* LaunchScreen.xib */ = {
			isa = PBXVariantGroup;
			children = (
				F2BD7F071A95C3A700035453 /* Base */,
			);
			name = LaunchScreen.xib;
			sourceTree = "<group>";
		};
/* End PBXVariantGroup section */

/* Begin XCBuildConfiguration section */
		F2BD7F151A95C3A700035453 /* Debug */ = {
			isa = XCBuildConfiguration;
			buildSettings = {
				ALWAYS_SEARCH_USER_PATHS = NO;
				CLANG_CXX_LANGUAGE_STANDARD = "gnu++0x";
				CLANG_CXX_LIBRARY = "libc++";
				CLANG_ENABLE_MODULES = YES;
				CLANG_ENABLE_OBJC_ARC = YES;
				CLANG_WARN_BOOL_CONVERSION = YES;
				CLANG_WARN_CONSTANT_CONVERSION = YES;
				CLANG_WARN_DIRECT_OBJC_ISA_USAGE = YES_ERROR;
				CLANG_WARN_EMPTY_BODY = YES;
				CLANG_WARN_ENUM_CONVERSION = YES;
				CLANG_WARN_INT_CONVERSION = YES;
				CLANG_WARN_OBJC_ROOT_CLASS = YES_ERROR;
				CLANG_WARN_UNREACHABLE_CODE = YES;
				CLANG_WARN__DUPLICATE_METHOD_MATCH = YES;
				"CODE_SIGN_IDENTITY[sdk=iphoneos*]" = "iPhone Developer";
				COPY_PHASE_STRIP = NO;
				ENABLE_STRICT_OBJC_MSGSEND = YES;
				GCC_C_LANGUAGE_STANDARD = gnu99;
				GCC_DYNAMIC_NO_PIC = NO;
				GCC_OPTIMIZATION_LEVEL = 0;
				GCC_PREPROCESSOR_DEFINITIONS = (
					"DEBUG=1",
					"$(inherited)",
				);
				GCC_SYMBOLS_PRIVATE_EXTERN = NO;
				GCC_WARN_64_TO_32_BIT_CONVERSION = YES;
				GCC_WARN_ABOUT_RETURN_TYPE = YES_ERROR;
				GCC_WARN_UNDECLARED_SELECTOR = YES;
				GCC_WARN_UNINITIALIZED_AUTOS = YES_AGGRESSIVE;
				GCC_WARN_UNUSED_FUNCTION = YES;
				GCC_WARN_UNUSED_VARIABLE = YES;
				IPHONEOS_DEPLOYMENT_TARGET = 8.1;
				MTL_ENABLE_DEBUG_INFO = YES;
				ONLY_ACTIVE_ARCH = YES;
				SDKROOT = iphoneos;
				SWIFT_OPTIMIZATION_LEVEL = "-Onone";
				TARGETED_DEVICE_FAMILY = "1,2";
			};
			name = Debug;
		};
		F2BD7F161A95C3A700035453 /* Release */ = {
			isa = XCBuildConfiguration;
			buildSettings = {
				ALWAYS_SEARCH_USER_PATHS = NO;
				CLANG_CXX_LANGUAGE_STANDARD = "gnu++0x";
				CLANG_CXX_LIBRARY = "libc++";
				CLANG_ENABLE_MODULES = YES;
				CLANG_ENABLE_OBJC_ARC = YES;
				CLANG_WARN_BOOL_CONVERSION = YES;
				CLANG_WARN_CONSTANT_CONVERSION = YES;
				CLANG_WARN_DIRECT_OBJC_ISA_USAGE = YES_ERROR;
				CLANG_WARN_EMPTY_BODY = YES;
				CLANG_WARN_ENUM_CONVERSION = YES;
				CLANG_WARN_INT_CONVERSION = YES;
				CLANG_WARN_OBJC_ROOT_CLASS = YES_ERROR;
				CLANG_WARN_UNREACHABLE_CODE = YES;
				CLANG_WARN__DUPLICATE_METHOD_MATCH = YES;
				"CODE_SIGN_IDENTITY[sdk=iphoneos*]" = "iPhone Developer";
				COPY_PHASE_STRIP = YES;
				ENABLE_NS_ASSERTIONS = NO;
				ENABLE_STRICT_OBJC_MSGSEND = YES;
				GCC_C_LANGUAGE_STANDARD = gnu99;
				GCC_WARN_64_TO_32_BIT_CONVERSION = YES;
				GCC_WARN_ABOUT_RETURN_TYPE = YES_ERROR;
				GCC_WARN_UNDECLARED_SELECTOR = YES;
				GCC_WARN_UNINITIALIZED_AUTOS = YES_AGGRESSIVE;
				GCC_WARN_UNUSED_FUNCTION = YES;
				GCC_WARN_UNUSED_VARIABLE = YES;
				IPHONEOS_DEPLOYMENT_TARGET = 8.1;
				MTL_ENABLE_DEBUG_INFO = NO;
				SDKROOT = iphoneos;
				TARGETED_DEVICE_FAMILY = "1,2";
				VALIDATE_PRODUCT = YES;
			};
			name = Release;
		};
		F2BD7F181A95C3A700035453 /* Debug */ = {
			isa = XCBuildConfiguration;
			buildSettings = {
				ASSETCATALOG_COMPILER_APPICON_NAME = AppIcon;
				CLANG_ENABLE_MODULES = YES;
				CODE_SIGN_IDENTITY = "iPhone Developer";
				"CODE_SIGN_IDENTITY[sdk=iphoneos*]" = "iPhone Developer";
				FRAMEWORK_SEARCH_PATHS = (
					"$(inherited)",
					"$(PROJECT_DIR)",
				);
				INFOPLIST_FILE = NeuLynx/Info.plist;
				LD_RUNPATH_SEARCH_PATHS = "$(inherited) @executable_path/Frameworks";
				PRODUCT_NAME = "$(TARGET_NAME)";
				PROVISIONING_PROFILE = "";
				SWIFT_OBJC_BRIDGING_HEADER = "NeuLynx-Bridging-Header.h";
				SWIFT_OPTIMIZATION_LEVEL = "-Onone";
			};
			name = Debug;
		};
		F2BD7F191A95C3A700035453 /* Release */ = {
			isa = XCBuildConfiguration;
			buildSettings = {
				ASSETCATALOG_COMPILER_APPICON_NAME = AppIcon;
				CLANG_ENABLE_MODULES = YES;
				CODE_SIGN_IDENTITY = "iPhone Developer";
				"CODE_SIGN_IDENTITY[sdk=iphoneos*]" = "iPhone Developer";
				FRAMEWORK_SEARCH_PATHS = (
					"$(inherited)",
					"$(PROJECT_DIR)",
				);
				INFOPLIST_FILE = NeuLynx/Info.plist;
				LD_RUNPATH_SEARCH_PATHS = "$(inherited) @executable_path/Frameworks";
				PRODUCT_NAME = "$(TARGET_NAME)";
				PROVISIONING_PROFILE = "";
				SWIFT_OBJC_BRIDGING_HEADER = "NeuLynx-Bridging-Header.h";
			};
			name = Release;
		};
		F2BD7F1B1A95C3A700035453 /* Debug */ = {
			isa = XCBuildConfiguration;
			buildSettings = {
				BUNDLE_LOADER = "$(TEST_HOST)";
				FRAMEWORK_SEARCH_PATHS = (
					"$(SDKROOT)/Developer/Library/Frameworks",
					"$(inherited)",
				);
				GCC_PREPROCESSOR_DEFINITIONS = (
					"DEBUG=1",
					"$(inherited)",
				);
				INFOPLIST_FILE = NeuLynxTests/Info.plist;
				LD_RUNPATH_SEARCH_PATHS = "$(inherited) @executable_path/Frameworks @loader_path/Frameworks";
				PRODUCT_NAME = "$(TARGET_NAME)";
				TEST_HOST = "$(BUILT_PRODUCTS_DIR)/NeuLynx.app/NeuLynx";
			};
			name = Debug;
		};
		F2BD7F1C1A95C3A700035453 /* Release */ = {
			isa = XCBuildConfiguration;
			buildSettings = {
				BUNDLE_LOADER = "$(TEST_HOST)";
				FRAMEWORK_SEARCH_PATHS = (
					"$(SDKROOT)/Developer/Library/Frameworks",
					"$(inherited)",
				);
				INFOPLIST_FILE = NeuLynxTests/Info.plist;
				LD_RUNPATH_SEARCH_PATHS = "$(inherited) @executable_path/Frameworks @loader_path/Frameworks";
				PRODUCT_NAME = "$(TARGET_NAME)";
				TEST_HOST = "$(BUILT_PRODUCTS_DIR)/NeuLynx.app/NeuLynx";
			};
			name = Release;
		};
/* End XCBuildConfiguration section */

/* Begin XCConfigurationList section */
		F2BD7EF01A95C3A600035453 /* Build configuration list for PBXProject "NeuLynx" */ = {
			isa = XCConfigurationList;
			buildConfigurations = (
				F2BD7F151A95C3A700035453 /* Debug */,
				F2BD7F161A95C3A700035453 /* Release */,
			);
			defaultConfigurationIsVisible = 0;
			defaultConfigurationName = Release;
		};
		F2BD7F171A95C3A700035453 /* Build configuration list for PBXNativeTarget "NeuLynx" */ = {
			isa = XCConfigurationList;
			buildConfigurations = (
				F2BD7F181A95C3A700035453 /* Debug */,
				F2BD7F191A95C3A700035453 /* Release */,
			);
			defaultConfigurationIsVisible = 0;
			defaultConfigurationName = Release;
		};
		F2BD7F1A1A95C3A700035453 /* Build configuration list for PBXNativeTarget "NeuLynxTests" */ = {
			isa = XCConfigurationList;
			buildConfigurations = (
				F2BD7F1B1A95C3A700035453 /* Debug */,
				F2BD7F1C1A95C3A700035453 /* Release */,
			);
			defaultConfigurationIsVisible = 0;
			defaultConfigurationName = Release;
		};
/* End XCConfigurationList section */

/* Begin XCVersionGroup section */
		F2BD7EFC1A95C3A700035453 /* NeuLynx.xcdatamodeld */ = {
			isa = XCVersionGroup;
			children = (
				F2BD7EFD1A95C3A700035453 /* NeuLynx.xcdatamodel */,
			);
			currentVersion = F2BD7EFD1A95C3A700035453 /* NeuLynx.xcdatamodel */;
			path = NeuLynx.xcdatamodeld;
			sourceTree = "<group>";
			versionGroupType = wrapper.xcdatamodel;
		};
/* End XCVersionGroup section */
	};
	rootObject = F2BD7EED1A95C3A600035453 /* Project object */;
}
